// !$*UTF8*$!
{
	archiveVersion = 1;
	classes = {
	};
	objectVersion = 55;
	objects = {

/* Begin PBXBuildFile section */
		6DD1DF13278F40B900AB2161 /* MessangerApp.swift in Sources */ = {isa = PBXBuildFile; fileRef = 6DD1DF12278F40B900AB2161 /* MessangerApp.swift */; };
		6DD1DF15278F40B900AB2161 /* LoginView.swift in Sources */ = {isa = PBXBuildFile; fileRef = 6DD1DF14278F40B900AB2161 /* LoginView.swift */; };
		6DD1DF17278F40BC00AB2161 /* Assets.xcassets in Resources */ = {isa = PBXBuildFile; fileRef = 6DD1DF16278F40BC00AB2161 /* Assets.xcassets */; };
		6DD1DF1A278F40BC00AB2161 /* Preview Assets.xcassets in Resources */ = {isa = PBXBuildFile; fileRef = 6DD1DF19278F40BC00AB2161 /* Preview Assets.xcassets */; };
		6DD1DF26278F5EA300AB2161 /* GoogleService-Info.plist in Resources */ = {isa = PBXBuildFile; fileRef = 6DD1DF25278F5EA300AB2161 /* GoogleService-Info.plist */; };
		6DD1DF29278F5F5C00AB2161 /* FirebaseAuth in Frameworks */ = {isa = PBXBuildFile; productRef = 6DD1DF28278F5F5C00AB2161 /* FirebaseAuth */; };
		6DD1DF2B278F5F5C00AB2161 /* FirebaseDatabase in Frameworks */ = {isa = PBXBuildFile; productRef = 6DD1DF2A278F5F5C00AB2161 /* FirebaseDatabase */; };
		6DD1DF2D278F5F5C00AB2161 /* FirebaseFirestore in Frameworks */ = {isa = PBXBuildFile; productRef = 6DD1DF2C278F5F5C00AB2161 /* FirebaseFirestore */; };
		6DD1DF2F278F5F5C00AB2161 /* FirebaseInAppMessagingSwift-Beta in Frameworks */ = {isa = PBXBuildFile; productRef = 6DD1DF2E278F5F5C00AB2161 /* FirebaseInAppMessagingSwift-Beta */; };
		6DD1DF31278F5F5C00AB2161 /* FirebaseMessaging in Frameworks */ = {isa = PBXBuildFile; productRef = 6DD1DF30278F5F5C00AB2161 /* FirebaseMessaging */; };
		6DD1DF33278F5F5C00AB2161 /* FirebaseStorage in Frameworks */ = {isa = PBXBuildFile; productRef = 6DD1DF32278F5F5C00AB2161 /* FirebaseStorage */; };
		6DD1DF3527902ADD00AB2161 /* FirebaseManager.swift in Sources */ = {isa = PBXBuildFile; fileRef = 6DD1DF3427902ADD00AB2161 /* FirebaseManager.swift */; };
		6DD1DF3827902EDB00AB2161 /* ImagePicker.swift in Sources */ = {isa = PBXBuildFile; fileRef = 6DD1DF3727902EDB00AB2161 /* ImagePicker.swift */; };
/* End PBXBuildFile section */

/* Begin PBXFileReference section */
		6DD1DF0F278F40B900AB2161 /* Messanger.app */ = {isa = PBXFileReference; explicitFileType = wrapper.application; includeInIndex = 0; path = Messanger.app; sourceTree = BUILT_PRODUCTS_DIR; };
		6DD1DF12278F40B900AB2161 /* MessangerApp.swift */ = {isa = PBXFileReference; lastKnownFileType = sourcecode.swift; path = MessangerApp.swift; sourceTree = "<group>"; };
		6DD1DF14278F40B900AB2161 /* LoginView.swift */ = {isa = PBXFileReference; lastKnownFileType = sourcecode.swift; path = LoginView.swift; sourceTree = "<group>"; };
		6DD1DF16278F40BC00AB2161 /* Assets.xcassets */ = {isa = PBXFileReference; lastKnownFileType = folder.assetcatalog; path = Assets.xcassets; sourceTree = "<group>"; };
		6DD1DF19278F40BC00AB2161 /* Preview Assets.xcassets */ = {isa = PBXFileReference; lastKnownFileType = folder.assetcatalog; path = "Preview Assets.xcassets"; sourceTree = "<group>"; };
		6DD1DF25278F5EA300AB2161 /* GoogleService-Info.plist */ = {isa = PBXFileReference; fileEncoding = 4; lastKnownFileType = text.plist.xml; path = "GoogleService-Info.plist"; sourceTree = "<group>"; };
		6DD1DF3427902ADD00AB2161 /* FirebaseManager.swift */ = {isa = PBXFileReference; lastKnownFileType = sourcecode.swift; path = FirebaseManager.swift; sourceTree = "<group>"; };
		6DD1DF3727902EDB00AB2161 /* ImagePicker.swift */ = {isa = PBXFileReference; lastKnownFileType = sourcecode.swift; path = ImagePicker.swift; sourceTree = "<group>"; };
/* End PBXFileReference section */

/* Begin PBXFrameworksBuildPhase section */
		6DD1DF0C278F40B900AB2161 /* Frameworks */ = {
			isa = PBXFrameworksBuildPhase;
			buildActionMask = 2147483647;
			files = (
				6DD1DF2B278F5F5C00AB2161 /* FirebaseDatabase in Frameworks */,
				6DD1DF29278F5F5C00AB2161 /* FirebaseAuth in Frameworks */,
				6DD1DF31278F5F5C00AB2161 /* FirebaseMessaging in Frameworks */,
				6DD1DF2F278F5F5C00AB2161 /* FirebaseInAppMessagingSwift-Beta in Frameworks */,
				6DD1DF2D278F5F5C00AB2161 /* FirebaseFirestore in Frameworks */,
				6DD1DF33278F5F5C00AB2161 /* FirebaseStorage in Frameworks */,
			);
			runOnlyForDeploymentPostprocessing = 0;
		};
/* End PBXFrameworksBuildPhase section */

/* Begin PBXGroup section */
		6DD1DF06278F40B900AB2161 = {
			isa = PBXGroup;
			children = (
				6DD1DF11278F40B900AB2161 /* Messanger */,
				6DD1DF10278F40B900AB2161 /* Products */,
			);
			sourceTree = "<group>";
		};
		6DD1DF10278F40B900AB2161 /* Products */ = {
			isa = PBXGroup;
			children = (
				6DD1DF0F278F40B900AB2161 /* Messanger.app */,
			);
			name = Products;
			sourceTree = "<group>";
		};
		6DD1DF11278F40B900AB2161 /* Messanger */ = {
			isa = PBXGroup;
			children = (
				6DD1DF3627902EC600AB2161 /* Helpers */,
				6DD1DF25278F5EA300AB2161 /* GoogleService-Info.plist */,
				6DD1DF12278F40B900AB2161 /* MessangerApp.swift */,
				6DD1DF14278F40B900AB2161 /* LoginView.swift */,
				6DD1DF16278F40BC00AB2161 /* Assets.xcassets */,
				6DD1DF18278F40BC00AB2161 /* Preview Content */,
			);
			path = Messanger;
			sourceTree = "<group>";
		};
		6DD1DF18278F40BC00AB2161 /* Preview Content */ = {
			isa = PBXGroup;
			children = (
				6DD1DF19278F40BC00AB2161 /* Preview Assets.xcassets */,
			);
			path = "Preview Content";
			sourceTree = "<group>";
		};
		6DD1DF3627902EC600AB2161 /* Helpers */ = {
			isa = PBXGroup;
			children = (
				6DD1DF3427902ADD00AB2161 /* FirebaseManager.swift */,
				6DD1DF3727902EDB00AB2161 /* ImagePicker.swift */,
			);
			path = Helpers;
			sourceTree = "<group>";
		};
/* End PBXGroup section */

/* Begin PBXNativeTarget section */
		6DD1DF0E278F40B900AB2161 /* Messanger */ = {
			isa = PBXNativeTarget;
			buildConfigurationList = 6DD1DF1D278F40BC00AB2161 /* Build configuration list for PBXNativeTarget "Messanger" */;
			buildPhases = (
				6DD1DF0B278F40B900AB2161 /* Sources */,
				6DD1DF0C278F40B900AB2161 /* Frameworks */,
				6DD1DF0D278F40B900AB2161 /* Resources */,
			);
			buildRules = (
			);
			dependencies = (
			);
			name = Messanger;
			packageProductDependencies = (
				6DD1DF28278F5F5C00AB2161 /* FirebaseAuth */,
				6DD1DF2A278F5F5C00AB2161 /* FirebaseDatabase */,
				6DD1DF2C278F5F5C00AB2161 /* FirebaseFirestore */,
				6DD1DF2E278F5F5C00AB2161 /* FirebaseInAppMessagingSwift-Beta */,
				6DD1DF30278F5F5C00AB2161 /* FirebaseMessaging */,
				6DD1DF32278F5F5C00AB2161 /* FirebaseStorage */,
			);
			productName = Messanger;
			productReference = 6DD1DF0F278F40B900AB2161 /* Messanger.app */;
			productType = "com.apple.product-type.application";
		};
/* End PBXNativeTarget section */

/* Begin PBXProject section */
		6DD1DF07278F40B900AB2161 /* Project object */ = {
			isa = PBXProject;
			attributes = {
				BuildIndependentTargetsInParallel = 1;
				LastSwiftUpdateCheck = 1310;
				LastUpgradeCheck = 1310;
				TargetAttributes = {
					6DD1DF0E278F40B900AB2161 = {
						CreatedOnToolsVersion = 13.1;
					};
				};
			};
			buildConfigurationList = 6DD1DF0A278F40B900AB2161 /* Build configuration list for PBXProject "Messanger" */;
			compatibilityVersion = "Xcode 13.0";
			developmentRegion = en;
			hasScannedForEncodings = 0;
			knownRegions = (
				en,
				Base,
			);
			mainGroup = 6DD1DF06278F40B900AB2161;
			packageReferences = (
				6DD1DF27278F5F5C00AB2161 /* XCRemoteSwiftPackageReference "firebase-ios-sdk" */,
			);
			productRefGroup = 6DD1DF10278F40B900AB2161 /* Products */;
			projectDirPath = "";
			projectRoot = "";
			targets = (
				6DD1DF0E278F40B900AB2161 /* Messanger */,
			);
		};
/* End PBXProject section */

/* Begin PBXResourcesBuildPhase section */
		6DD1DF0D278F40B900AB2161 /* Resources */ = {
			isa = PBXResourcesBuildPhase;
			buildActionMask = 2147483647;
			files = (
				6DD1DF1A278F40BC00AB2161 /* Preview Assets.xcassets in Resources */,
				6DD1DF17278F40BC00AB2161 /* Assets.xcassets in Resources */,
				6DD1DF26278F5EA300AB2161 /* GoogleService-Info.plist in Resources */,
			);
			runOnlyForDeploymentPostprocessing = 0;
		};
/* End PBXResourcesBuildPhase section */

/* Begin PBXSourcesBuildPhase section */
		6DD1DF0B278F40B900AB2161 /* Sources */ = {
			isa = PBXSourcesBuildPhase;
			buildActionMask = 2147483647;
			files = (
				6DD1DF15278F40B900AB2161 /* LoginView.swift in Sources */,
				6DD1DF3827902EDB00AB2161 /* ImagePicker.swift in Sources */,
				6DD1DF13278F40B900AB2161 /* MessangerApp.swift in Sources */,
				6DD1DF3527902ADD00AB2161 /* FirebaseManager.swift in Sources */,
			);
			runOnlyForDeploymentPostprocessing = 0;
		};
/* End PBXSourcesBuildPhase section */

/* Begin XCBuildConfiguration section */
		6DD1DF1B278F40BC00AB2161 /* Debug */ = {
			isa = XCBuildConfiguration;
			buildSettings = {
				ALWAYS_SEARCH_USER_PATHS = NO;
				CLANG_ANALYZER_NONNULL = YES;
				CLANG_ANALYZER_NUMBER_OBJECT_CONVERSION = YES_AGGRESSIVE;
				CLANG_CXX_LANGUAGE_STANDARD = "gnu++17";
				CLANG_CXX_LIBRARY = "libc++";
				CLANG_ENABLE_MODULES = YES;
				CLANG_ENABLE_OBJC_ARC = YES;
				CLANG_ENABLE_OBJC_WEAK = YES;
				CLANG_WARN_BLOCK_CAPTURE_AUTORELEASING = YES;
				CLANG_WARN_BOOL_CONVERSION = YES;
				CLANG_WARN_COMMA = YES;
				CLANG_WARN_CONSTANT_CONVERSION = YES;
				CLANG_WARN_DEPRECATED_OBJC_IMPLEMENTATIONS = YES;
				CLANG_WARN_DIRECT_OBJC_ISA_USAGE = YES_ERROR;
				CLANG_WARN_DOCUMENTATION_COMMENTS = YES;
				CLANG_WARN_EMPTY_BODY = YES;
				CLANG_WARN_ENUM_CONVERSION = YES;
				CLANG_WARN_INFINITE_RECURSION = YES;
				CLANG_WARN_INT_CONVERSION = YES;
				CLANG_WARN_NON_LITERAL_NULL_CONVERSION = YES;
				CLANG_WARN_OBJC_IMPLICIT_RETAIN_SELF = YES;
				CLANG_WARN_OBJC_LITERAL_CONVERSION = YES;
				CLANG_WARN_OBJC_ROOT_CLASS = YES_ERROR;
				CLANG_WARN_QUOTED_INCLUDE_IN_FRAMEWORK_HEADER = YES;
				CLANG_WARN_RANGE_LOOP_ANALYSIS = YES;
				CLANG_WARN_STRICT_PROTOTYPES = YES;
				CLANG_WARN_SUSPICIOUS_MOVE = YES;
				CLANG_WARN_UNGUARDED_AVAILABILITY = YES_AGGRESSIVE;
				CLANG_WARN_UNREACHABLE_CODE = YES;
				CLANG_WARN__DUPLICATE_METHOD_MATCH = YES;
				COPY_PHASE_STRIP = NO;
				DEBUG_INFORMATION_FORMAT = dwarf;
				ENABLE_STRICT_OBJC_MSGSEND = YES;
				ENABLE_TESTABILITY = YES;
				GCC_C_LANGUAGE_STANDARD = gnu11;
				GCC_DYNAMIC_NO_PIC = NO;
				GCC_NO_COMMON_BLOCKS = YES;
				GCC_OPTIMIZATION_LEVEL = 0;
				GCC_PREPROCESSOR_DEFINITIONS = (
					"DEBUG=1",
					"$(inherited)",
				);
				GCC_WARN_64_TO_32_BIT_CONVERSION = YES;
				GCC_WARN_ABOUT_RETURN_TYPE = YES_ERROR;
				GCC_WARN_UNDECLARED_SELECTOR = YES;
				GCC_WARN_UNINITIALIZED_AUTOS = YES_AGGRESSIVE;
				GCC_WARN_UNUSED_FUNCTION = YES;
				GCC_WARN_UNUSED_VARIABLE = YES;
				IPHONEOS_DEPLOYMENT_TARGET = 15.0;
				MTL_ENABLE_DEBUG_INFO = INCLUDE_SOURCE;
				MTL_FAST_MATH = YES;
				ONLY_ACTIVE_ARCH = YES;
				SDKROOT = iphoneos;
				SWIFT_ACTIVE_COMPILATION_CONDITIONS = DEBUG;
				SWIFT_OPTIMIZATION_LEVEL = "-Onone";
			};
			name = Debug;
		};
		6DD1DF1C278F40BC00AB2161 /* Release */ = {
			isa = XCBuildConfiguration;
			buildSettings = {
				ALWAYS_SEARCH_USER_PATHS = NO;
				CLANG_ANALYZER_NONNULL = YES;
				CLANG_ANALYZER_NUMBER_OBJECT_CONVERSION = YES_AGGRESSIVE;
				CLANG_CXX_LANGUAGE_STANDARD = "gnu++17";
				CLANG_CXX_LIBRARY = "libc++";
				CLANG_ENABLE_MODULES = YES;
				CLANG_ENABLE_OBJC_ARC = YES;
				CLANG_ENABLE_OBJC_WEAK = YES;
				CLANG_WARN_BLOCK_CAPTURE_AUTORELEASING = YES;
				CLANG_WARN_BOOL_CONVERSION = YES;
				CLANG_WARN_COMMA = YES;
				CLANG_WARN_CONSTANT_CONVERSION = YES;
				CLANG_WARN_DEPRECATED_OBJC_IMPLEMENTATIONS = YES;
				CLANG_WARN_DIRECT_OBJC_ISA_USAGE = YES_ERROR;
				CLANG_WARN_DOCUMENTATION_COMMENTS = YES;
				CLANG_WARN_EMPTY_BODY = YES;
				CLANG_WARN_ENUM_CONVERSION = YES;
				CLANG_WARN_INFINITE_RECURSION = YES;
				CLANG_WARN_INT_CONVERSION = YES;
				CLANG_WARN_NON_LITERAL_NULL_CONVERSION = YES;
				CLANG_WARN_OBJC_IMPLICIT_RETAIN_SELF = YES;
				CLANG_WARN_OBJC_LITERAL_CONVERSION = YES;
				CLANG_WARN_OBJC_ROOT_CLASS = YES_ERROR;
				CLANG_WARN_QUOTED_INCLUDE_IN_FRAMEWORK_HEADER = YES;
				CLANG_WARN_RANGE_LOOP_ANALYSIS = YES;
				CLANG_WARN_STRICT_PROTOTYPES = YES;
				CLANG_WARN_SUSPICIOUS_MOVE = YES;
				CLANG_WARN_UNGUARDED_AVAILABILITY = YES_AGGRESSIVE;
				CLANG_WARN_UNREACHABLE_CODE = YES;
				CLANG_WARN__DUPLICATE_METHOD_MATCH = YES;
				COPY_PHASE_STRIP = NO;
				DEBUG_INFORMATION_FORMAT = "dwarf-with-dsym";
				ENABLE_NS_ASSERTIONS = NO;
				ENABLE_STRICT_OBJC_MSGSEND = YES;
				GCC_C_LANGUAGE_STANDARD = gnu11;
				GCC_NO_COMMON_BLOCKS = YES;
				GCC_WARN_64_TO_32_BIT_CONVERSION = YES;
				GCC_WARN_ABOUT_RETURN_TYPE = YES_ERROR;
				GCC_WARN_UNDECLARED_SELECTOR = YES;
				GCC_WARN_UNINITIALIZED_AUTOS = YES_AGGRESSIVE;
				GCC_WARN_UNUSED_FUNCTION = YES;
				GCC_WARN_UNUSED_VARIABLE = YES;
				IPHONEOS_DEPLOYMENT_TARGET = 15.0;
				MTL_ENABLE_DEBUG_INFO = NO;
				MTL_FAST_MATH = YES;
				SDKROOT = iphoneos;
				SWIFT_COMPILATION_MODE = wholemodule;
				SWIFT_OPTIMIZATION_LEVEL = "-O";
				VALIDATE_PRODUCT = YES;
			};
			name = Release;
		};
		6DD1DF1E278F40BC00AB2161 /* Debug */ = {
			isa = XCBuildConfiguration;
			buildSettings = {
				ASSETCATALOG_COMPILER_APPICON_NAME = AppIcon;
				ASSETCATALOG_COMPILER_GLOBAL_ACCENT_COLOR_NAME = AccentColor;
				CODE_SIGN_STYLE = Automatic;
				CURRENT_PROJECT_VERSION = 1;
				DEVELOPMENT_ASSET_PATHS = "\"Messanger/Preview Content\"";
				DEVELOPMENT_TEAM = 8KP9LHWH2N;
				ENABLE_PREVIEWS = YES;
				GENERATE_INFOPLIST_FILE = YES;
				INFOPLIST_KEY_UIApplicationSceneManifest_Generation = YES;
				INFOPLIST_KEY_UIApplicationSupportsIndirectInputEvents = YES;
				INFOPLIST_KEY_UILaunchScreen_Generation = YES;
				INFOPLIST_KEY_UISupportedInterfaceOrientations_iPad = "UIInterfaceOrientationPortrait UIInterfaceOrientationPortraitUpsideDown UIInterfaceOrientationLandscapeLeft UIInterfaceOrientationLandscapeRight";
				INFOPLIST_KEY_UISupportedInterfaceOrientations_iPhone = "UIInterfaceOrientationPortrait UIInterfaceOrientationLandscapeLeft UIInterfaceOrientationLandscapeRight";
				LD_RUNPATH_SEARCH_PATHS = (
					"$(inherited)",
					"@executable_path/Frameworks",
				);
				MARKETING_VERSION = 1.0;
				PRODUCT_BUNDLE_IDENTIFIER = apanchenko.Messanger;
				PRODUCT_NAME = "$(TARGET_NAME)";
				SWIFT_EMIT_LOC_STRINGS = YES;
				SWIFT_VERSION = 5.0;
				TARGETED_DEVICE_FAMILY = "1,2";
			};
			name = Debug;
		};
		6DD1DF1F278F40BC00AB2161 /* Release */ = {
			isa = XCBuildConfiguration;
			buildSettings = {
				ASSETCATALOG_COMPILER_APPICON_NAME = AppIcon;
				ASSETCATALOG_COMPILER_GLOBAL_ACCENT_COLOR_NAME = AccentColor;
				CODE_SIGN_STYLE = Automatic;
				CURRENT_PROJECT_VERSION = 1;
				DEVELOPMENT_ASSET_PATHS = "\"Messanger/Preview Content\"";
				DEVELOPMENT_TEAM = 8KP9LHWH2N;
				ENABLE_PREVIEWS = YES;
				GENERATE_INFOPLIST_FILE = YES;
				INFOPLIST_KEY_UIApplicationSceneManifest_Generation = YES;
				INFOPLIST_KEY_UIApplicationSupportsIndirectInputEvents = YES;
				INFOPLIST_KEY_UILaunchScreen_Generation = YES;
				INFOPLIST_KEY_UISupportedInterfaceOrientations_iPad = "UIInterfaceOrientationPortrait UIInterfaceOrientationPortraitUpsideDown UIInterfaceOrientationLandscapeLeft UIInterfaceOrientationLandscapeRight";
				INFOPLIST_KEY_UISupportedInterfaceOrientations_iPhone = "UIInterfaceOrientationPortrait UIInterfaceOrientationLandscapeLeft UIInterfaceOrientationLandscapeRight";
				LD_RUNPATH_SEARCH_PATHS = (
					"$(inherited)",
					"@executable_path/Frameworks",
				);
				MARKETING_VERSION = 1.0;
				PRODUCT_BUNDLE_IDENTIFIER = apanchenko.Messanger;
				PRODUCT_NAME = "$(TARGET_NAME)";
				SWIFT_EMIT_LOC_STRINGS = YES;
				SWIFT_VERSION = 5.0;
				TARGETED_DEVICE_FAMILY = "1,2";
			};
			name = Release;
		};
/* End XCBuildConfiguration section */

/* Begin XCConfigurationList section */
		6DD1DF0A278F40B900AB2161 /* Build configuration list for PBXProject "Messanger" */ = {
			isa = XCConfigurationList;
			buildConfigurations = (
				6DD1DF1B278F40BC00AB2161 /* Debug */,
				6DD1DF1C278F40BC00AB2161 /* Release */,
			);
			defaultConfigurationIsVisible = 0;
			defaultConfigurationName = Release;
		};
		6DD1DF1D278F40BC00AB2161 /* Build configuration list for PBXNativeTarget "Messanger" */ = {
			isa = XCConfigurationList;
			buildConfigurations = (
				6DD1DF1E278F40BC00AB2161 /* Debug */,
				6DD1DF1F278F40BC00AB2161 /* Release */,
			);
			defaultConfigurationIsVisible = 0;
			defaultConfigurationName = Release;
		};
/* End XCConfigurationList section */

/* Begin XCRemoteSwiftPackageReference section */
		6DD1DF27278F5F5C00AB2161 /* XCRemoteSwiftPackageReference "firebase-ios-sdk" */ = {
			isa = XCRemoteSwiftPackageReference;
			repositoryURL = "https://github.com/firebase/firebase-ios-sdk.git";
			requirement = {
				branch = master;
				kind = branch;
			};
		};
/* End XCRemoteSwiftPackageReference section */

/* Begin XCSwiftPackageProductDependency section */
		6DD1DF28278F5F5C00AB2161 /* FirebaseAuth */ = {
			isa = XCSwiftPackageProductDependency;
			package = 6DD1DF27278F5F5C00AB2161 /* XCRemoteSwiftPackageReference "firebase-ios-sdk" */;
			productName = FirebaseAuth;
		};
		6DD1DF2A278F5F5C00AB2161 /* FirebaseDatabase */ = {
			isa = XCSwiftPackageProductDependency;
			package = 6DD1DF27278F5F5C00AB2161 /* XCRemoteSwiftPackageReference "firebase-ios-sdk" */;
			productName = FirebaseDatabase;
		};
		6DD1DF2C278F5F5C00AB2161 /* FirebaseFirestore */ = {
			isa = XCSwiftPackageProductDependency;
			package = 6DD1DF27278F5F5C00AB2161 /* XCRemoteSwiftPackageReference "firebase-ios-sdk" */;
			productName = FirebaseFirestore;
		};
		6DD1DF2E278F5F5C00AB2161 /* FirebaseInAppMessagingSwift-Beta */ = {
			isa = XCSwiftPackageProductDependency;
			package = 6DD1DF27278F5F5C00AB2161 /* XCRemoteSwiftPackageReference "firebase-ios-sdk" */;
			productName = "FirebaseInAppMessagingSwift-Beta";
		};
		6DD1DF30278F5F5C00AB2161 /* FirebaseMessaging */ = {
			isa = XCSwiftPackageProductDependency;
			package = 6DD1DF27278F5F5C00AB2161 /* XCRemoteSwiftPackageReference "firebase-ios-sdk" */;
			productName = FirebaseMessaging;
		};
		6DD1DF32278F5F5C00AB2161 /* FirebaseStorage */ = {
			isa = XCSwiftPackageProductDependency;
			package = 6DD1DF27278F5F5C00AB2161 /* XCRemoteSwiftPackageReference "firebase-ios-sdk" */;
			productName = FirebaseStorage;
		};
/* End XCSwiftPackageProductDependency section */
	};
	rootObject = 6DD1DF07278F40B900AB2161 /* Project object */;
}
